// !$*UTF8*$!
{
	archiveVersion = 1;
	classes = {
	};
	objectVersion = 46;
	objects = {

/* Begin PBXBuildFile section */
		5306ACF91A5CE38D00313D4A /* yellowArrow.png in Resources */ = {isa = PBXBuildFile; fileRef = 5306ACF81A5CE38D00313D4A /* yellowArrow.png */; };
		5306AD091A5D483900313D4A /* navbar_background.png in Resources */ = {isa = PBXBuildFile; fileRef = 5306AD081A5D483900313D4A /* navbar_background.png */; };
		5306AD161A5E1AC400313D4A /* ContentSelectionDetails.m in Sources */ = {isa = PBXBuildFile; fileRef = 5306AD131A5E1AC400313D4A /* ContentSelectionDetails.m */; };
		5306AD1F1A5E324500313D4A /* SelectionDetailsData.m in Sources */ = {isa = PBXBuildFile; fileRef = 5306AD1E1A5E324500313D4A /* SelectionDetailsData.m */; };
		5306AD221A5E3C3A00313D4A /* ContentSelectionView.m in Sources */ = {isa = PBXBuildFile; fileRef = 5306AD211A5E3C3A00313D4A /* ContentSelectionView.m */; };
		532BBE561A5F781A00106366 /* WPAttributedStyleAction.m in Sources */ = {isa = PBXBuildFile; fileRef = 532BBE511A5F781A00106366 /* WPAttributedStyleAction.m */; };
		532BBE571A5F781A00106366 /* WPHotspotLabel.m in Sources */ = {isa = PBXBuildFile; fileRef = 532BBE531A5F781A00106366 /* WPHotspotLabel.m */; };
		532BBE581A5F781A00106366 /* WPTappableLabel.m in Sources */ = {isa = PBXBuildFile; fileRef = 532BBE551A5F781A00106366 /* WPTappableLabel.m */; };
		532BBE5E1A5F782000106366 /* NSMutableString+TagReplace.m in Sources */ = {isa = PBXBuildFile; fileRef = 532BBE5B1A5F782000106366 /* NSMutableString+TagReplace.m */; };
		532BBE5F1A5F782000106366 /* NSString+WPAttributedMarkup.m in Sources */ = {isa = PBXBuildFile; fileRef = 532BBE5D1A5F782000106366 /* NSString+WPAttributedMarkup.m */; };
		532BBE711A60BC8A00106366 /* UIView+MJM.m in Sources */ = {isa = PBXBuildFile; fileRef = 532BBE701A60BC8A00106366 /* UIView+MJM.m */; };
		532D706F1A5BF34F00770242 /* AppDelegate.m in Sources */ = {isa = PBXBuildFile; fileRef = 532D70651A5BF34F00770242 /* AppDelegate.m */; };
		532D70731A5BF52D00770242 /* WWSideslipViewController.m in Sources */ = {isa = PBXBuildFile; fileRef = 532D70721A5BF52D00770242 /* WWSideslipViewController.m */; };
		532D70761A5BF67100770242 /* MJMBaseController.m in Sources */ = {isa = PBXBuildFile; fileRef = 532D70751A5BF67100770242 /* MJMBaseController.m */; };
		532D70791A5BF82600770242 /* MJMContactController.m in Sources */ = {isa = PBXBuildFile; fileRef = 532D70781A5BF82600770242 /* MJMContactController.m */; };
		532D707C1A5BF83400770242 /* MJMContentController.m in Sources */ = {isa = PBXBuildFile; fileRef = 532D707B1A5BF83400770242 /* MJMContentController.m */; };
		532D707F1A5BF84400770242 /* MJMLunTanController.m in Sources */ = {isa = PBXBuildFile; fileRef = 532D707E1A5BF84400770242 /* MJMLunTanController.m */; };
		532D70821A5BF85200770242 /* MJMSettingController.m in Sources */ = {isa = PBXBuildFile; fileRef = 532D70811A5BF85200770242 /* MJMSettingController.m */; };
		532D708B1A5BFBF700770242 /* MJMTabbarController.m in Sources */ = {isa = PBXBuildFile; fileRef = 532D708A1A5BFBF700770242 /* MJMTabbarController.m */; };
		532D709E1A5C053800770242 /* MJMTabbar.m in Sources */ = {isa = PBXBuildFile; fileRef = 532D709D1A5C053800770242 /* MJMTabbar.m */; };
		532D70A11A5C054900770242 /* MJMTabbarButton.m in Sources */ = {isa = PBXBuildFile; fileRef = 532D70A01A5C054900770242 /* MJMTabbarButton.m */; };
		532D70AA1A5C089600770242 /* TabBar1.png in Resources */ = {isa = PBXBuildFile; fileRef = 532D70A21A5C089600770242 /* TabBar1.png */; };
		532D70AB1A5C089600770242 /* TabBar1Sel.png in Resources */ = {isa = PBXBuildFile; fileRef = 532D70A31A5C089600770242 /* TabBar1Sel.png */; };
		532D70AC1A5C089600770242 /* TabBar2.png in Resources */ = {isa = PBXBuildFile; fileRef = 532D70A41A5C089600770242 /* TabBar2.png */; };
		532D70AD1A5C089600770242 /* TabBar2Sel.png in Resources */ = {isa = PBXBuildFile; fileRef = 532D70A51A5C089600770242 /* TabBar2Sel.png */; };
		532D70AE1A5C089600770242 /* TabBar3.png in Resources */ = {isa = PBXBuildFile; fileRef = 532D70A61A5C089600770242 /* TabBar3.png */; };
		532D70AF1A5C089600770242 /* TabBar3Sel.png in Resources */ = {isa = PBXBuildFile; fileRef = 532D70A71A5C089600770242 /* TabBar3Sel.png */; };
		532D70B01A5C089600770242 /* TabBar4.png in Resources */ = {isa = PBXBuildFile; fileRef = 532D70A81A5C089600770242 /* TabBar4.png */; };
		532D70B11A5C089600770242 /* TabBar4Sel.png in Resources */ = {isa = PBXBuildFile; fileRef = 532D70A91A5C089600770242 /* TabBar4Sel.png */; };
		532D70B41A5C0BDB00770242 /* UIImage+MJM.m in Sources */ = {isa = PBXBuildFile; fileRef = 532D70B31A5C0BDB00770242 /* UIImage+MJM.m */; };
		533E4EEB1A668F94002D1821 /* clear_bg.png in Resources */ = {isa = PBXBuildFile; fileRef = 533E4EEA1A668F94002D1821 /* clear_bg.png */; };
		533E4EED1A66908B002D1821 /* nav_bg.png in Resources */ = {isa = PBXBuildFile; fileRef = 533E4EEC1A66908B002D1821 /* nav_bg.png */; };
		537694901A60C428008AB6B8 /* UIButton+MJM.m in Sources */ = {isa = PBXBuildFile; fileRef = 5376948F1A60C428008AB6B8 /* UIButton+MJM.m */; };
		537694931A60CABA008AB6B8 /* UILabel+MJM.m in Sources */ = {isa = PBXBuildFile; fileRef = 537694921A60CABA008AB6B8 /* UILabel+MJM.m */; };
		537694951A60FD91008AB6B8 /* arrow_mainColor.png in Resources */ = {isa = PBXBuildFile; fileRef = 537694941A60FD91008AB6B8 /* arrow_mainColor.png */; };
		537694981A61612D008AB6B8 /* star_mainColor.png in Resources */ = {isa = PBXBuildFile; fileRef = 537694961A61612D008AB6B8 /* star_mainColor.png */; };
		537694991A61612D008AB6B8 /* star_noColor.png in Resources */ = {isa = PBXBuildFile; fileRef = 537694971A61612D008AB6B8 /* star_noColor.png */; };
		5376949C1A6172C5008AB6B8 /* star_mainColor2.png in Resources */ = {isa = PBXBuildFile; fileRef = 5376949A1A6172C5008AB6B8 /* star_mainColor2.png */; };
		5376949D1A6172C5008AB6B8 /* star_noColor2.png in Resources */ = {isa = PBXBuildFile; fileRef = 5376949B1A6172C5008AB6B8 /* star_noColor2.png */; };
		539935361A6680A90026F2C0 /* KKNavigationController.m in Sources */ = {isa = PBXBuildFile; fileRef = 539935351A6680A90026F2C0 /* KKNavigationController.m */; };
		53BB39581A6234AB0076A623 /* ContentMainview.m in Sources */ = {isa = PBXBuildFile; fileRef = 53BB39571A6234AB0076A623 /* ContentMainview.m */; };
		53BB395B1A62640A0076A623 /* SelectionHeadButton.m in Sources */ = {isa = PBXBuildFile; fileRef = 53BB395A1A62640A0076A623 /* SelectionHeadButton.m */; };
		53BB395E1A6285DB0076A623 /* MainData.m in Sources */ = {isa = PBXBuildFile; fileRef = 53BB395D1A6285DB0076A623 /* MainData.m */; };
		53BB39641A629FE50076A623 /* MainviewButton.m in Sources */ = {isa = PBXBuildFile; fileRef = 53BB39631A629FE50076A623 /* MainviewButton.m */; };
		53BB39661A62A6F60076A623 /* arrow-next.png in Resources */ = {isa = PBXBuildFile; fileRef = 53BB39651A62A6F60076A623 /* arrow-next.png */; };
		53BB39681A6360F60076A623 /* flash.jpg in Resources */ = {isa = PBXBuildFile; fileRef = 53BB39671A6360F60076A623 /* flash.jpg */; };
		53BB396C1A6361C80076A623 /* head.jpg in Resources */ = {isa = PBXBuildFile; fileRef = 53BB396B1A6361C80076A623 /* head.jpg */; };
		53BB396E1A6364D00076A623 /* arrow_white.png in Resources */ = {isa = PBXBuildFile; fileRef = 53BB396D1A6364D00076A623 /* arrow_white.png */; };
		53BB39701A63723C0076A623 /* dog.jpg in Resources */ = {isa = PBXBuildFile; fileRef = 53BB396F1A63723C0076A623 /* dog.jpg */; };
		53BB39721A6391780076A623 /* content_more.png in Resources */ = {isa = PBXBuildFile; fileRef = 53BB39711A6391780076A623 /* content_more.png */; };
		53BB39741A63932A0076A623 /* content_moreArrow.png in Resources */ = {isa = PBXBuildFile; fileRef = 53BB39731A63932A0076A623 /* content_moreArrow.png */; };
		53BB39761A6394780076A623 /* content_selectionview_arrow.png in Resources */ = {isa = PBXBuildFile; fileRef = 53BB39751A6394780076A623 /* content_selectionview_arrow.png */; };
		53DA802B1A63D67A00697940 /* SelectionButton.m in Sources */ = {isa = PBXBuildFile; fileRef = 53DA802A1A63D67A00697940 /* SelectionButton.m */; };
		53DA802E1A64174000697940 /* MJMContentMoreController.m in Sources */ = {isa = PBXBuildFile; fileRef = 53DA802D1A64174000697940 /* MJMContentMoreController.m */; };
		53DA80351A64E10A00697940 /* ContentMoreCell.m in Sources */ = {isa = PBXBuildFile; fileRef = 53DA80341A64E10A00697940 /* ContentMoreCell.m */; };
		53DA80381A64E11E00697940 /* ContentMoreCellFrame.m in Sources */ = {isa = PBXBuildFile; fileRef = 53DA80371A64E11E00697940 /* ContentMoreCellFrame.m */; };
		53DA804B1A65142B00697940 /* MJRefresh.bundle in Resources */ = {isa = PBXBuildFile; fileRef = 53DA803B1A65142B00697940 /* MJRefresh.bundle */; };
		53DA804C1A65142B00697940 /* MJRefreshBaseView.m in Sources */ = {isa = PBXBuildFile; fileRef = 53DA803E1A65142B00697940 /* MJRefreshBaseView.m */; };
		53DA804D1A65142B00697940 /* MJRefreshConst.m in Sources */ = {isa = PBXBuildFile; fileRef = 53DA80401A65142B00697940 /* MJRefreshConst.m */; };
		53DA804E1A65142B00697940 /* MJRefreshFooterView.m in Sources */ = {isa = PBXBuildFile; fileRef = 53DA80421A65142B00697940 /* MJRefreshFooterView.m */; };
		53DA804F1A65142B00697940 /* MJRefreshHeaderView.m in Sources */ = {isa = PBXBuildFile; fileRef = 53DA80441A65142B00697940 /* MJRefreshHeaderView.m */; };
		53DA80501A65142B00697940 /* UIScrollView+MJExtension.m in Sources */ = {isa = PBXBuildFile; fileRef = 53DA80461A65142B00697940 /* UIScrollView+MJExtension.m */; };
		53DA80511A65142B00697940 /* UIScrollView+MJRefresh.m in Sources */ = {isa = PBXBuildFile; fileRef = 53DA80481A65142B00697940 /* UIScrollView+MJRefresh.m */; };
		53DA80521A65142B00697940 /* UIView+MJExtension.m in Sources */ = {isa = PBXBuildFile; fileRef = 53DA804A1A65142B00697940 /* UIView+MJExtension.m */; };
		53DA80541A651AFD00697940 /* flash2.jpg in Resources */ = {isa = PBXBuildFile; fileRef = 53DA80531A651AFD00697940 /* flash2.jpg */; };
		53DA805A1A65342E00697940 /* DramaDetailsData.m in Sources */ = {isa = PBXBuildFile; fileRef = 53DA80591A65342E00697940 /* DramaDetailsData.m */; };
		53DA805D1A65356D00697940 /* DramaSingleVC.m in Sources */ = {isa = PBXBuildFile; fileRef = 53DA805C1A65356D00697940 /* DramaSingleVC.m */; };
		5F5C37B51A5BEF2000358678 /* main.m in Sources */ = {isa = PBXBuildFile; fileRef = 5F5C37B41A5BEF2000358678 /* main.m */; };
		5F5C37BB1A5BEF2000358678 /* MJMProject.xcdatamodeld in Sources */ = {isa = PBXBuildFile; fileRef = 5F5C37B91A5BEF2000358678 /* MJMProject.xcdatamodeld */; };
		5F5C37C31A5BEF2000358678 /* Images.xcassets in Resources */ = {isa = PBXBuildFile; fileRef = 5F5C37C21A5BEF2000358678 /* Images.xcassets */; };
		5F5C37C61A5BEF2000358678 /* LaunchScreen.xib in Resources */ = {isa = PBXBuildFile; fileRef = 5F5C37C41A5BEF2000358678 /* LaunchScreen.xib */; };
		5F5C37D21A5BEF2000358678 /* MJMProjectTests.m in Sources */ = {isa = PBXBuildFile; fileRef = 5F5C37D11A5BEF2000358678 /* MJMProjectTests.m */; };
/* End PBXBuildFile section */

/* Begin PBXContainerItemProxy section */
		5F5C37CC1A5BEF2000358678 /* PBXContainerItemProxy */ = {
			isa = PBXContainerItemProxy;
			containerPortal = 5F5C37A71A5BEF2000358678 /* Project object */;
			proxyType = 1;
			remoteGlobalIDString = 5F5C37AE1A5BEF2000358678;
			remoteInfo = MJMProject;
		};
/* End PBXContainerItemProxy section */

/* Begin PBXFileReference section */
		5306ACF81A5CE38D00313D4A /* yellowArrow.png */ = {isa = PBXFileReference; lastKnownFileType = image.png; path = yellowArrow.png; sourceTree = "<group>"; };
		5306AD081A5D483900313D4A /* navbar_background.png */ = {isa = PBXFileReference; lastKnownFileType = image.png; path = navbar_background.png; sourceTree = "<group>"; };
		5306AD121A5E1AC400313D4A /* ContentSelectionDetails.h */ = {isa = PBXFileReference; fileEncoding = 4; lastKnownFileType = sourcecode.c.h; path = ContentSelectionDetails.h; sourceTree = "<group>"; };
		5306AD131A5E1AC400313D4A /* ContentSelectionDetails.m */ = {isa = PBXFileReference; fileEncoding = 4; lastKnownFileType = sourcecode.c.objc; path = ContentSelectionDetails.m; sourceTree = "<group>"; };
		5306AD1D1A5E324500313D4A /* SelectionDetailsData.h */ = {isa = PBXFileReference; fileEncoding = 4; lastKnownFileType = sourcecode.c.h; path = SelectionDetailsData.h; sourceTree = "<group>"; };
		5306AD1E1A5E324500313D4A /* SelectionDetailsData.m */ = {isa = PBXFileReference; fileEncoding = 4; lastKnownFileType = sourcecode.c.objc; path = SelectionDetailsData.m; sourceTree = "<group>"; };
		5306AD201A5E3C3A00313D4A /* ContentSelectionView.h */ = {isa = PBXFileReference; fileEncoding = 4; lastKnownFileType = sourcecode.c.h; path = ContentSelectionView.h; sourceTree = "<group>"; };
		5306AD211A5E3C3A00313D4A /* ContentSelectionView.m */ = {isa = PBXFileReference; fileEncoding = 4; lastKnownFileType = sourcecode.c.objc; path = ContentSelectionView.m; sourceTree = "<group>"; };
		532BBE501A5F781A00106366 /* WPAttributedStyleAction.h */ = {isa = PBXFileReference; fileEncoding = 4; lastKnownFileType = sourcecode.c.h; path = WPAttributedStyleAction.h; sourceTree = "<group>"; };
		532BBE511A5F781A00106366 /* WPAttributedStyleAction.m */ = {isa = PBXFileReference; fileEncoding = 4; lastKnownFileType = sourcecode.c.objc; path = WPAttributedStyleAction.m; sourceTree = "<group>"; };
		532BBE521A5F781A00106366 /* WPHotspotLabel.h */ = {isa = PBXFileReference; fileEncoding = 4; lastKnownFileType = sourcecode.c.h; path = WPHotspotLabel.h; sourceTree = "<group>"; };
		532BBE531A5F781A00106366 /* WPHotspotLabel.m */ = {isa = PBXFileReference; fileEncoding = 4; lastKnownFileType = sourcecode.c.objc; path = WPHotspotLabel.m; sourceTree = "<group>"; };
		532BBE541A5F781A00106366 /* WPTappableLabel.h */ = {isa = PBXFileReference; fileEncoding = 4; lastKnownFileType = sourcecode.c.h; path = WPTappableLabel.h; sourceTree = "<group>"; };
		532BBE551A5F781A00106366 /* WPTappableLabel.m */ = {isa = PBXFileReference; fileEncoding = 4; lastKnownFileType = sourcecode.c.objc; path = WPTappableLabel.m; sourceTree = "<group>"; };
		532BBE5A1A5F782000106366 /* NSMutableString+TagReplace.h */ = {isa = PBXFileReference; fileEncoding = 4; lastKnownFileType = sourcecode.c.h; path = "NSMutableString+TagReplace.h"; sourceTree = "<group>"; };
		532BBE5B1A5F782000106366 /* NSMutableString+TagReplace.m */ = {isa = PBXFileReference; fileEncoding = 4; lastKnownFileType = sourcecode.c.objc; path = "NSMutableString+TagReplace.m"; sourceTree = "<group>"; };
		532BBE5C1A5F782000106366 /* NSString+WPAttributedMarkup.h */ = {isa = PBXFileReference; fileEncoding = 4; lastKnownFileType = sourcecode.c.h; path = "NSString+WPAttributedMarkup.h"; sourceTree = "<group>"; };
		532BBE5D1A5F782000106366 /* NSString+WPAttributedMarkup.m */ = {isa = PBXFileReference; fileEncoding = 4; lastKnownFileType = sourcecode.c.objc; path = "NSString+WPAttributedMarkup.m"; sourceTree = "<group>"; };
		532BBE6F1A60BC8A00106366 /* UIView+MJM.h */ = {isa = PBXFileReference; fileEncoding = 4; lastKnownFileType = sourcecode.c.h; path = "UIView+MJM.h"; sourceTree = "<group>"; };
		532BBE701A60BC8A00106366 /* UIView+MJM.m */ = {isa = PBXFileReference; fileEncoding = 4; lastKnownFileType = sourcecode.c.objc; path = "UIView+MJM.m"; sourceTree = "<group>"; };
		532D70641A5BF34F00770242 /* AppDelegate.h */ = {isa = PBXFileReference; fileEncoding = 4; lastKnownFileType = sourcecode.c.h; path = AppDelegate.h; sourceTree = "<group>"; };
		532D70651A5BF34F00770242 /* AppDelegate.m */ = {isa = PBXFileReference; fileEncoding = 4; lastKnownFileType = sourcecode.c.objc; path = AppDelegate.m; sourceTree = "<group>"; };
		532D70711A5BF52D00770242 /* WWSideslipViewController.h */ = {isa = PBXFileReference; fileEncoding = 4; lastKnownFileType = sourcecode.c.h; path = WWSideslipViewController.h; sourceTree = "<group>"; };
		532D70721A5BF52D00770242 /* WWSideslipViewController.m */ = {isa = PBXFileReference; fileEncoding = 4; lastKnownFileType = sourcecode.c.objc; path = WWSideslipViewController.m; sourceTree = "<group>"; };
		532D70741A5BF67100770242 /* MJMBaseController.h */ = {isa = PBXFileReference; fileEncoding = 4; lastKnownFileType = sourcecode.c.h; path = MJMBaseController.h; sourceTree = "<group>"; };
		532D70751A5BF67100770242 /* MJMBaseController.m */ = {isa = PBXFileReference; fileEncoding = 4; lastKnownFileType = sourcecode.c.objc; path = MJMBaseController.m; sourceTree = "<group>"; };
		532D70771A5BF82600770242 /* MJMContactController.h */ = {isa = PBXFileReference; fileEncoding = 4; lastKnownFileType = sourcecode.c.h; path = MJMContactController.h; sourceTree = "<group>"; };
		532D70781A5BF82600770242 /* MJMContactController.m */ = {isa = PBXFileReference; fileEncoding = 4; lastKnownFileType = sourcecode.c.objc; path = MJMContactController.m; sourceTree = "<group>"; };
		532D707A1A5BF83400770242 /* MJMContentController.h */ = {isa = PBXFileReference; fileEncoding = 4; lastKnownFileType = sourcecode.c.h; path = MJMContentController.h; sourceTree = "<group>"; };
		532D707B1A5BF83400770242 /* MJMContentController.m */ = {isa = PBXFileReference; fileEncoding = 4; lastKnownFileType = sourcecode.c.objc; path = MJMContentController.m; sourceTree = "<group>"; };
		532D707D1A5BF84400770242 /* MJMLunTanController.h */ = {isa = PBXFileReference; fileEncoding = 4; lastKnownFileType = sourcecode.c.h; path = MJMLunTanController.h; sourceTree = "<group>"; };
		532D707E1A5BF84400770242 /* MJMLunTanController.m */ = {isa = PBXFileReference; fileEncoding = 4; lastKnownFileType = sourcecode.c.objc; path = MJMLunTanController.m; sourceTree = "<group>"; };
		532D70801A5BF85200770242 /* MJMSettingController.h */ = {isa = PBXFileReference; fileEncoding = 4; lastKnownFileType = sourcecode.c.h; path = MJMSettingController.h; sourceTree = "<group>"; };
		532D70811A5BF85200770242 /* MJMSettingController.m */ = {isa = PBXFileReference; fileEncoding = 4; lastKnownFileType = sourcecode.c.objc; path = MJMSettingController.m; sourceTree = "<group>"; };
		532D70891A5BFBF700770242 /* MJMTabbarController.h */ = {isa = PBXFileReference; fileEncoding = 4; lastKnownFileType = sourcecode.c.h; path = MJMTabbarController.h; sourceTree = "<group>"; };
		532D708A1A5BFBF700770242 /* MJMTabbarController.m */ = {isa = PBXFileReference; fileEncoding = 4; lastKnownFileType = sourcecode.c.objc; path = MJMTabbarController.m; sourceTree = "<group>"; };
		532D709C1A5C053800770242 /* MJMTabbar.h */ = {isa = PBXFileReference; fileEncoding = 4; lastKnownFileType = sourcecode.c.h; path = MJMTabbar.h; sourceTree = "<group>"; };
		532D709D1A5C053800770242 /* MJMTabbar.m */ = {isa = PBXFileReference; fileEncoding = 4; lastKnownFileType = sourcecode.c.objc; path = MJMTabbar.m; sourceTree = "<group>"; };
		532D709F1A5C054900770242 /* MJMTabbarButton.h */ = {isa = PBXFileReference; fileEncoding = 4; lastKnownFileType = sourcecode.c.h; path = MJMTabbarButton.h; sourceTree = "<group>"; };
		532D70A01A5C054900770242 /* MJMTabbarButton.m */ = {isa = PBXFileReference; fileEncoding = 4; lastKnownFileType = sourcecode.c.objc; path = MJMTabbarButton.m; sourceTree = "<group>"; };
		532D70A21A5C089600770242 /* TabBar1.png */ = {isa = PBXFileReference; lastKnownFileType = image.png; path = TabBar1.png; sourceTree = "<group>"; };
		532D70A31A5C089600770242 /* TabBar1Sel.png */ = {isa = PBXFileReference; lastKnownFileType = image.png; path = TabBar1Sel.png; sourceTree = "<group>"; };
		532D70A41A5C089600770242 /* TabBar2.png */ = {isa = PBXFileReference; lastKnownFileType = image.png; path = TabBar2.png; sourceTree = "<group>"; };
		532D70A51A5C089600770242 /* TabBar2Sel.png */ = {isa = PBXFileReference; lastKnownFileType = image.png; path = TabBar2Sel.png; sourceTree = "<group>"; };
		532D70A61A5C089600770242 /* TabBar3.png */ = {isa = PBXFileReference; lastKnownFileType = image.png; path = TabBar3.png; sourceTree = "<group>"; };
		532D70A71A5C089600770242 /* TabBar3Sel.png */ = {isa = PBXFileReference; lastKnownFileType = image.png; path = TabBar3Sel.png; sourceTree = "<group>"; };
		532D70A81A5C089600770242 /* TabBar4.png */ = {isa = PBXFileReference; lastKnownFileType = image.png; path = TabBar4.png; sourceTree = "<group>"; };
		532D70A91A5C089600770242 /* TabBar4Sel.png */ = {isa = PBXFileReference; lastKnownFileType = image.png; path = TabBar4Sel.png; sourceTree = "<group>"; };
		532D70B21A5C0BDB00770242 /* UIImage+MJM.h */ = {isa = PBXFileReference; fileEncoding = 4; lastKnownFileType = sourcecode.c.h; path = "UIImage+MJM.h"; sourceTree = "<group>"; };
		532D70B31A5C0BDB00770242 /* UIImage+MJM.m */ = {isa = PBXFileReference; fileEncoding = 4; lastKnownFileType = sourcecode.c.objc; path = "UIImage+MJM.m"; sourceTree = "<group>"; };
		533E4EEA1A668F94002D1821 /* clear_bg.png */ = {isa = PBXFileReference; lastKnownFileType = image.png; path = clear_bg.png; sourceTree = "<group>"; };
		533E4EEC1A66908B002D1821 /* nav_bg.png */ = {isa = PBXFileReference; lastKnownFileType = image.png; path = nav_bg.png; sourceTree = "<group>"; };
		5376948E1A60C428008AB6B8 /* UIButton+MJM.h */ = {isa = PBXFileReference; fileEncoding = 4; lastKnownFileType = sourcecode.c.h; path = "UIButton+MJM.h"; sourceTree = "<group>"; };
		5376948F1A60C428008AB6B8 /* UIButton+MJM.m */ = {isa = PBXFileReference; fileEncoding = 4; lastKnownFileType = sourcecode.c.objc; path = "UIButton+MJM.m"; sourceTree = "<group>"; };
		537694911A60CABA008AB6B8 /* UILabel+MJM.h */ = {isa = PBXFileReference; fileEncoding = 4; lastKnownFileType = sourcecode.c.h; path = "UILabel+MJM.h"; sourceTree = "<group>"; };
		537694921A60CABA008AB6B8 /* UILabel+MJM.m */ = {isa = PBXFileReference; fileEncoding = 4; lastKnownFileType = sourcecode.c.objc; path = "UILabel+MJM.m"; sourceTree = "<group>"; };
		537694941A60FD91008AB6B8 /* arrow_mainColor.png */ = {isa = PBXFileReference; lastKnownFileType = image.png; path = arrow_mainColor.png; sourceTree = "<group>"; };
		537694961A61612D008AB6B8 /* star_mainColor.png */ = {isa = PBXFileReference; lastKnownFileType = image.png; path = star_mainColor.png; sourceTree = "<group>"; };
		537694971A61612D008AB6B8 /* star_noColor.png */ = {isa = PBXFileReference; lastKnownFileType = image.png; path = star_noColor.png; sourceTree = "<group>"; };
		5376949A1A6172C5008AB6B8 /* star_mainColor2.png */ = {isa = PBXFileReference; lastKnownFileType = image.png; path = star_mainColor2.png; sourceTree = "<group>"; };
		5376949B1A6172C5008AB6B8 /* star_noColor2.png */ = {isa = PBXFileReference; lastKnownFileType = image.png; path = star_noColor2.png; sourceTree = "<group>"; };
		539935341A6680A90026F2C0 /* KKNavigationController.h */ = {isa = PBXFileReference; fileEncoding = 4; lastKnownFileType = sourcecode.c.h; path = KKNavigationController.h; sourceTree = "<group>"; };
		539935351A6680A90026F2C0 /* KKNavigationController.m */ = {isa = PBXFileReference; fileEncoding = 4; lastKnownFileType = sourcecode.c.objc; path = KKNavigationController.m; sourceTree = "<group>"; };
		53BB39561A6234AB0076A623 /* ContentMainview.h */ = {isa = PBXFileReference; fileEncoding = 4; lastKnownFileType = sourcecode.c.h; path = ContentMainview.h; sourceTree = "<group>"; };
		53BB39571A6234AB0076A623 /* ContentMainview.m */ = {isa = PBXFileReference; fileEncoding = 4; lastKnownFileType = sourcecode.c.objc; path = ContentMainview.m; sourceTree = "<group>"; };
		53BB39591A62640A0076A623 /* SelectionHeadButton.h */ = {isa = PBXFileReference; fileEncoding = 4; lastKnownFileType = sourcecode.c.h; path = SelectionHeadButton.h; sourceTree = "<group>"; };
		53BB395A1A62640A0076A623 /* SelectionHeadButton.m */ = {isa = PBXFileReference; fileEncoding = 4; lastKnownFileType = sourcecode.c.objc; path = SelectionHeadButton.m; sourceTree = "<group>"; };
		53BB395C1A6285DB0076A623 /* MainData.h */ = {isa = PBXFileReference; fileEncoding = 4; lastKnownFileType = sourcecode.c.h; path = MainData.h; sourceTree = "<group>"; };
		53BB395D1A6285DB0076A623 /* MainData.m */ = {isa = PBXFileReference; fileEncoding = 4; lastKnownFileType = sourcecode.c.objc; path = MainData.m; sourceTree = "<group>"; };
		53BB39621A629FE50076A623 /* MainviewButton.h */ = {isa = PBXFileReference; fileEncoding = 4; lastKnownFileType = sourcecode.c.h; path = MainviewButton.h; sourceTree = "<group>"; };
		53BB39631A629FE50076A623 /* MainviewButton.m */ = {isa = PBXFileReference; fileEncoding = 4; lastKnownFileType = sourcecode.c.objc; path = MainviewButton.m; sourceTree = "<group>"; };
		53BB39651A62A6F60076A623 /* arrow-next.png */ = {isa = PBXFileReference; lastKnownFileType = image.png; path = "arrow-next.png"; sourceTree = "<group>"; };
		53BB39671A6360F60076A623 /* flash.jpg */ = {isa = PBXFileReference; lastKnownFileType = image.jpeg; path = flash.jpg; sourceTree = "<group>"; };
		53BB396B1A6361C80076A623 /* head.jpg */ = {isa = PBXFileReference; lastKnownFileType = image.jpeg; path = head.jpg; sourceTree = "<group>"; };
		53BB396D1A6364D00076A623 /* arrow_white.png */ = {isa = PBXFileReference; lastKnownFileType = image.png; path = arrow_white.png; sourceTree = "<group>"; };
		53BB396F1A63723C0076A623 /* dog.jpg */ = {isa = PBXFileReference; lastKnownFileType = image.jpeg; path = dog.jpg; sourceTree = "<group>"; };
		53BB39711A6391780076A623 /* content_more.png */ = {isa = PBXFileReference; lastKnownFileType = image.png; path = content_more.png; sourceTree = "<group>"; };
		53BB39731A63932A0076A623 /* content_moreArrow.png */ = {isa = PBXFileReference; lastKnownFileType = image.png; path = content_moreArrow.png; sourceTree = "<group>"; };
		53BB39751A6394780076A623 /* content_selectionview_arrow.png */ = {isa = PBXFileReference; lastKnownFileType = image.png; path = content_selectionview_arrow.png; sourceTree = "<group>"; };
		53DA80291A63D67A00697940 /* SelectionButton.h */ = {isa = PBXFileReference; fileEncoding = 4; lastKnownFileType = sourcecode.c.h; path = SelectionButton.h; sourceTree = "<group>"; };
		53DA802A1A63D67A00697940 /* SelectionButton.m */ = {isa = PBXFileReference; fileEncoding = 4; lastKnownFileType = sourcecode.c.objc; path = SelectionButton.m; sourceTree = "<group>"; };
		53DA802C1A64174000697940 /* MJMContentMoreController.h */ = {isa = PBXFileReference; fileEncoding = 4; lastKnownFileType = sourcecode.c.h; path = MJMContentMoreController.h; sourceTree = "<group>"; };
		53DA802D1A64174000697940 /* MJMContentMoreController.m */ = {isa = PBXFileReference; fileEncoding = 4; lastKnownFileType = sourcecode.c.objc; path = MJMContentMoreController.m; sourceTree = "<group>"; };
		53DA80331A64E10A00697940 /* ContentMoreCell.h */ = {isa = PBXFileReference; fileEncoding = 4; lastKnownFileType = sourcecode.c.h; path = ContentMoreCell.h; sourceTree = "<group>"; };
		53DA80341A64E10A00697940 /* ContentMoreCell.m */ = {isa = PBXFileReference; fileEncoding = 4; lastKnownFileType = sourcecode.c.objc; path = ContentMoreCell.m; sourceTree = "<group>"; };
		53DA80361A64E11E00697940 /* ContentMoreCellFrame.h */ = {isa = PBXFileReference; fileEncoding = 4; lastKnownFileType = sourcecode.c.h; path = ContentMoreCellFrame.h; sourceTree = "<group>"; };
		53DA80371A64E11E00697940 /* ContentMoreCellFrame.m */ = {isa = PBXFileReference; fileEncoding = 4; lastKnownFileType = sourcecode.c.objc; path = ContentMoreCellFrame.m; sourceTree = "<group>"; };
		53DA803B1A65142B00697940 /* MJRefresh.bundle */ = {isa = PBXFileReference; lastKnownFileType = "wrapper.plug-in"; path = MJRefresh.bundle; sourceTree = "<group>"; };
		53DA803C1A65142B00697940 /* MJRefresh.h */ = {isa = PBXFileReference; fileEncoding = 4; lastKnownFileType = sourcecode.c.h; path = MJRefresh.h; sourceTree = "<group>"; };
		53DA803D1A65142B00697940 /* MJRefreshBaseView.h */ = {isa = PBXFileReference; fileEncoding = 4; lastKnownFileType = sourcecode.c.h; path = MJRefreshBaseView.h; sourceTree = "<group>"; };
		53DA803E1A65142B00697940 /* MJRefreshBaseView.m */ = {isa = PBXFileReference; fileEncoding = 4; lastKnownFileType = sourcecode.c.objc; path = MJRefreshBaseView.m; sourceTree = "<group>"; };
		53DA803F1A65142B00697940 /* MJRefreshConst.h */ = {isa = PBXFileReference; fileEncoding = 4; lastKnownFileType = sourcecode.c.h; path = MJRefreshConst.h; sourceTree = "<group>"; };
		53DA80401A65142B00697940 /* MJRefreshConst.m */ = {isa = PBXFileReference; fileEncoding = 4; lastKnownFileType = sourcecode.c.objc; path = MJRefreshConst.m; sourceTree = "<group>"; };
		53DA80411A65142B00697940 /* MJRefreshFooterView.h */ = {isa = PBXFileReference; fileEncoding = 4; lastKnownFileType = sourcecode.c.h; path = MJRefreshFooterView.h; sourceTree = "<group>"; };
		53DA80421A65142B00697940 /* MJRefreshFooterView.m */ = {isa = PBXFileReference; fileEncoding = 4; lastKnownFileType = sourcecode.c.objc; path = MJRefreshFooterView.m; sourceTree = "<group>"; };
		53DA80431A65142B00697940 /* MJRefreshHeaderView.h */ = {isa = PBXFileReference; fileEncoding = 4; lastKnownFileType = sourcecode.c.h; path = MJRefreshHeaderView.h; sourceTree = "<group>"; };
		53DA80441A65142B00697940 /* MJRefreshHeaderView.m */ = {isa = PBXFileReference; fileEncoding = 4; lastKnownFileType = sourcecode.c.objc; path = MJRefreshHeaderView.m; sourceTree = "<group>"; };
		53DA80451A65142B00697940 /* UIScrollView+MJExtension.h */ = {isa = PBXFileReference; fileEncoding = 4; lastKnownFileType = sourcecode.c.h; path = "UIScrollView+MJExtension.h"; sourceTree = "<group>"; };
		53DA80461A65142B00697940 /* UIScrollView+MJExtension.m */ = {isa = PBXFileReference; fileEncoding = 4; lastKnownFileType = sourcecode.c.objc; path = "UIScrollView+MJExtension.m"; sourceTree = "<group>"; };
		53DA80471A65142B00697940 /* UIScrollView+MJRefresh.h */ = {isa = PBXFileReference; fileEncoding = 4; lastKnownFileType = sourcecode.c.h; path = "UIScrollView+MJRefresh.h"; sourceTree = "<group>"; };
		53DA80481A65142B00697940 /* UIScrollView+MJRefresh.m */ = {isa = PBXFileReference; fileEncoding = 4; lastKnownFileType = sourcecode.c.objc; path = "UIScrollView+MJRefresh.m"; sourceTree = "<group>"; };
		53DA80491A65142B00697940 /* UIView+MJExtension.h */ = {isa = PBXFileReference; fileEncoding = 4; lastKnownFileType = sourcecode.c.h; path = "UIView+MJExtension.h"; sourceTree = "<group>"; };
		53DA804A1A65142B00697940 /* UIView+MJExtension.m */ = {isa = PBXFileReference; fileEncoding = 4; lastKnownFileType = sourcecode.c.objc; path = "UIView+MJExtension.m"; sourceTree = "<group>"; };
		53DA80531A651AFD00697940 /* flash2.jpg */ = {isa = PBXFileReference; lastKnownFileType = image.jpeg; path = flash2.jpg; sourceTree = "<group>"; };
		53DA80581A65342E00697940 /* DramaDetailsData.h */ = {isa = PBXFileReference; fileEncoding = 4; lastKnownFileType = sourcecode.c.h; path = DramaDetailsData.h; sourceTree = "<group>"; };
		53DA80591A65342E00697940 /* DramaDetailsData.m */ = {isa = PBXFileReference; fileEncoding = 4; lastKnownFileType = sourcecode.c.objc; path = DramaDetailsData.m; sourceTree = "<group>"; };
		53DA805B1A65356D00697940 /* DramaSingleVC.h */ = {isa = PBXFileReference; fileEncoding = 4; lastKnownFileType = sourcecode.c.h; path = DramaSingleVC.h; sourceTree = "<group>"; };
		53DA805C1A65356D00697940 /* DramaSingleVC.m */ = {isa = PBXFileReference; fileEncoding = 4; lastKnownFileType = sourcecode.c.objc; path = DramaSingleVC.m; sourceTree = "<group>"; };
		5F5C37AF1A5BEF2000358678 /* MJMProject.app */ = {isa = PBXFileReference; explicitFileType = wrapper.application; includeInIndex = 0; path = MJMProject.app; sourceTree = BUILT_PRODUCTS_DIR; };
		5F5C37B31A5BEF2000358678 /* Info.plist */ = {isa = PBXFileReference; lastKnownFileType = text.plist.xml; path = Info.plist; sourceTree = "<group>"; };
		5F5C37B41A5BEF2000358678 /* main.m */ = {isa = PBXFileReference; lastKnownFileType = sourcecode.c.objc; path = main.m; sourceTree = "<group>"; };
		5F5C37BA1A5BEF2000358678 /* MJMProject.xcdatamodel */ = {isa = PBXFileReference; lastKnownFileType = wrapper.xcdatamodel; path = MJMProject.xcdatamodel; sourceTree = "<group>"; };
		5F5C37C21A5BEF2000358678 /* Images.xcassets */ = {isa = PBXFileReference; lastKnownFileType = folder.assetcatalog; path = Images.xcassets; sourceTree = "<group>"; };
		5F5C37C51A5BEF2000358678 /* Base */ = {isa = PBXFileReference; lastKnownFileType = file.xib; name = Base; path = Base.lproj/LaunchScreen.xib; sourceTree = "<group>"; };
		5F5C37CB1A5BEF2000358678 /* MJMProjectTests.xctest */ = {isa = PBXFileReference; explicitFileType = wrapper.cfbundle; includeInIndex = 0; path = MJMProjectTests.xctest; sourceTree = BUILT_PRODUCTS_DIR; };
		5F5C37D01A5BEF2000358678 /* Info.plist */ = {isa = PBXFileReference; lastKnownFileType = text.plist.xml; path = Info.plist; sourceTree = "<group>"; };
		5F5C37D11A5BEF2000358678 /* MJMProjectTests.m */ = {isa = PBXFileReference; lastKnownFileType = sourcecode.c.objc; path = MJMProjectTests.m; sourceTree = "<group>"; };
		5F5C37DB1A5BEF3D00358678 /* MJMPCH.pch */ = {isa = PBXFileReference; lastKnownFileType = sourcecode.c.h; path = MJMPCH.pch; sourceTree = "<group>"; };
/* End PBXFileReference section */

/* Begin PBXFrameworksBuildPhase section */
		5F5C37AC1A5BEF2000358678 /* Frameworks */ = {
			isa = PBXFrameworksBuildPhase;
			buildActionMask = 2147483647;
			files = (
			);
			runOnlyForDeploymentPostprocessing = 0;
		};
		5F5C37C81A5BEF2000358678 /* Frameworks */ = {
			isa = PBXFrameworksBuildPhase;
			buildActionMask = 2147483647;
			files = (
			);
			runOnlyForDeploymentPostprocessing = 0;
		};
/* End PBXFrameworksBuildPhase section */

/* Begin PBXGroup section */
		532BBE4F1A5F781A00106366 /* Extras */ = {
			isa = PBXGroup;
			children = (
				532BBE501A5F781A00106366 /* WPAttributedStyleAction.h */,
				532BBE511A5F781A00106366 /* WPAttributedStyleAction.m */,
				532BBE521A5F781A00106366 /* WPHotspotLabel.h */,
				532BBE531A5F781A00106366 /* WPHotspotLabel.m */,
				532BBE541A5F781A00106366 /* WPTappableLabel.h */,
				532BBE551A5F781A00106366 /* WPTappableLabel.m */,
			);
			path = Extras;
			sourceTree = "<group>";
		};
		532BBE591A5F782000106366 /* WPAttributedMarkup */ = {
			isa = PBXGroup;
			children = (
				532BBE5A1A5F782000106366 /* NSMutableString+TagReplace.h */,
				532BBE5B1A5F782000106366 /* NSMutableString+TagReplace.m */,
				532BBE5C1A5F782000106366 /* NSString+WPAttributedMarkup.h */,
				532BBE5D1A5F782000106366 /* NSString+WPAttributedMarkup.m */,
			);
			name = WPAttributedMarkup;
			path = Category/WPAttributedMarkup;
			sourceTree = "<group>";
		};
		532D70561A5BF34E00770242 /* class */ = {
			isa = PBXGroup;
			children = (
				532D70831A5BFB5800770242 /* images */,
				532D70631A5BF34F00770242 /* MJMMain */,
				532D706D1A5BF34F00770242 /* Other */,
				532D705B1A5BF34F00770242 /* MJMContent */,
				532D705F1A5BF34F00770242 /* MJMLunTan */,
				532D70571A5BF34F00770242 /* MJMContact */,
				532D70691A5BF34F00770242 /* MJMSetting */,
			);
			path = class;
			sourceTree = "<group>";
		};
		532D70571A5BF34F00770242 /* MJMContact */ = {
			isa = PBXGroup;
			children = (
				532D70581A5BF34F00770242 /* Controller */,
				532D70591A5BF34F00770242 /* Model */,
				532D705A1A5BF34F00770242 /* View */,
			);
			path = MJMContact;
			sourceTree = "<group>";
		};
		532D70581A5BF34F00770242 /* Controller */ = {
			isa = PBXGroup;
			children = (
				532D70771A5BF82600770242 /* MJMContactController.h */,
				532D70781A5BF82600770242 /* MJMContactController.m */,
			);
			path = Controller;
			sourceTree = "<group>";
		};
		532D70591A5BF34F00770242 /* Model */ = {
			isa = PBXGroup;
			children = (
			);
			path = Model;
			sourceTree = "<group>";
		};
		532D705A1A5BF34F00770242 /* View */ = {
			isa = PBXGroup;
			children = (
			);
			path = View;
			sourceTree = "<group>";
		};
		532D705B1A5BF34F00770242 /* MJMContent */ = {
			isa = PBXGroup;
			children = (
				532D705C1A5BF34F00770242 /* Controller */,
				532D705D1A5BF34F00770242 /* Model */,
				532D705E1A5BF34F00770242 /* View */,
			);
			path = MJMContent;
			sourceTree = "<group>";
		};
		532D705C1A5BF34F00770242 /* Controller */ = {
			isa = PBXGroup;
			children = (
				532D707A1A5BF83400770242 /* MJMContentController.h */,
				532D707B1A5BF83400770242 /* MJMContentController.m */,
				53DA802C1A64174000697940 /* MJMContentMoreController.h */,
				53DA802D1A64174000697940 /* MJMContentMoreController.m */,
				53DA805B1A65356D00697940 /* DramaSingleVC.h */,
				53DA805C1A65356D00697940 /* DramaSingleVC.m */,
			);
			path = Controller;
			sourceTree = "<group>";
		};
		532D705D1A5BF34F00770242 /* Model */ = {
			isa = PBXGroup;
			children = (
				5306AD1D1A5E324500313D4A /* SelectionDetailsData.h */,
				5306AD1E1A5E324500313D4A /* SelectionDetailsData.m */,
				53BB395C1A6285DB0076A623 /* MainData.h */,
				53BB395D1A6285DB0076A623 /* MainData.m */,
				53DA80581A65342E00697940 /* DramaDetailsData.h */,
				53DA80591A65342E00697940 /* DramaDetailsData.m */,
			);
			path = Model;
			sourceTree = "<group>";
		};
		532D705E1A5BF34F00770242 /* View */ = {
			isa = PBXGroup;
			children = (
				53DA80391A64E38000697940 /* MainContent */,
				53DA80321A64E0E700697940 /* ContentMore */,
			);
			path = View;
			sourceTree = "<group>";
		};
		532D705F1A5BF34F00770242 /* MJMLunTan */ = {
			isa = PBXGroup;
			children = (
				532D70601A5BF34F00770242 /* Controller */,
				532D70611A5BF34F00770242 /* Model */,
				532D70621A5BF34F00770242 /* View */,
			);
			path = MJMLunTan;
			sourceTree = "<group>";
		};
		532D70601A5BF34F00770242 /* Controller */ = {
			isa = PBXGroup;
			children = (
				532D707D1A5BF84400770242 /* MJMLunTanController.h */,
				532D707E1A5BF84400770242 /* MJMLunTanController.m */,
			);
			path = Controller;
			sourceTree = "<group>";
		};
		532D70611A5BF34F00770242 /* Model */ = {
			isa = PBXGroup;
			children = (
			);
			path = Model;
			sourceTree = "<group>";
		};
		532D70621A5BF34F00770242 /* View */ = {
			isa = PBXGroup;
			children = (
			);
			path = View;
			sourceTree = "<group>";
		};
		532D70631A5BF34F00770242 /* MJMMain */ = {
			isa = PBXGroup;
			children = (
				532D70641A5BF34F00770242 /* AppDelegate.h */,
				532D70651A5BF34F00770242 /* AppDelegate.m */,
				532D70661A5BF34F00770242 /* Controller */,
				532D70671A5BF34F00770242 /* Model */,
				532D70681A5BF34F00770242 /* View */,
			);
			path = MJMMain;
			sourceTree = "<group>";
		};
		532D70661A5BF34F00770242 /* Controller */ = {
			isa = PBXGroup;
			children = (
				532D70741A5BF67100770242 /* MJMBaseController.h */,
				532D70751A5BF67100770242 /* MJMBaseController.m */,
				532D70891A5BFBF700770242 /* MJMTabbarController.h */,
				532D708A1A5BFBF700770242 /* MJMTabbarController.m */,
				532D709C1A5C053800770242 /* MJMTabbar.h */,
				532D709D1A5C053800770242 /* MJMTabbar.m */,
				532D709F1A5C054900770242 /* MJMTabbarButton.h */,
				532D70A01A5C054900770242 /* MJMTabbarButton.m */,
			);
			path = Controller;
			sourceTree = "<group>";
		};
		532D70671A5BF34F00770242 /* Model */ = {
			isa = PBXGroup;
			children = (
			);
			path = Model;
			sourceTree = "<group>";
		};
		532D70681A5BF34F00770242 /* View */ = {
			isa = PBXGroup;
			children = (
			);
			path = View;
			sourceTree = "<group>";
		};
		532D70691A5BF34F00770242 /* MJMSetting */ = {
			isa = PBXGroup;
			children = (
				532D706A1A5BF34F00770242 /* Controller */,
				532D706B1A5BF34F00770242 /* Model */,
				532D706C1A5BF34F00770242 /* View */,
			);
			path = MJMSetting;
			sourceTree = "<group>";
		};
		532D706A1A5BF34F00770242 /* Controller */ = {
			isa = PBXGroup;
			children = (
				532D70801A5BF85200770242 /* MJMSettingController.h */,
				532D70811A5BF85200770242 /* MJMSettingController.m */,
			);
			path = Controller;
			sourceTree = "<group>";
		};
		532D706B1A5BF34F00770242 /* Model */ = {
			isa = PBXGroup;
			children = (
			);
			path = Model;
			sourceTree = "<group>";
		};
		532D706C1A5BF34F00770242 /* View */ = {
			isa = PBXGroup;
			children = (
			);
			path = View;
			sourceTree = "<group>";
		};
		532D706D1A5BF34F00770242 /* Other */ = {
			isa = PBXGroup;
			children = (
				532BBE591A5F782000106366 /* WPAttributedMarkup */,
				539935331A6680A90026F2C0 /* KKNavigationController */,
				53DA803A1A65142B00697940 /* MJRefresh */,
				532BBE4F1A5F781A00106366 /* Extras */,
				532D70701A5BF52D00770242 /* WWSideslipViewControllerClass */,
				532D706E1A5BF34F00770242 /* Category */,
			);
			path = Other;
			sourceTree = "<group>";
		};
		532D706E1A5BF34F00770242 /* Category */ = {
			isa = PBXGroup;
			children = (
				532D70B21A5C0BDB00770242 /* UIImage+MJM.h */,
				532D70B31A5C0BDB00770242 /* UIImage+MJM.m */,
				532BBE6F1A60BC8A00106366 /* UIView+MJM.h */,
				532BBE701A60BC8A00106366 /* UIView+MJM.m */,
				5376948E1A60C428008AB6B8 /* UIButton+MJM.h */,
				5376948F1A60C428008AB6B8 /* UIButton+MJM.m */,
				537694911A60CABA008AB6B8 /* UILabel+MJM.h */,
				537694921A60CABA008AB6B8 /* UILabel+MJM.m */,
			);
			path = Category;
			sourceTree = "<group>";
		};
		532D70701A5BF52D00770242 /* WWSideslipViewControllerClass */ = {
			isa = PBXGroup;
			children = (
				532D70711A5BF52D00770242 /* WWSideslipViewController.h */,
				532D70721A5BF52D00770242 /* WWSideslipViewController.m */,
			);
			path = WWSideslipViewControllerClass;
			sourceTree = "<group>";
		};
		532D70831A5BFB5800770242 /* images */ = {
			isa = PBXGroup;
			children = (
				533E4EEC1A66908B002D1821 /* nav_bg.png */,
				533E4EEA1A668F94002D1821 /* clear_bg.png */,
				53DA80531A651AFD00697940 /* flash2.jpg */,
				53BB39751A6394780076A623 /* content_selectionview_arrow.png */,
				53BB39731A63932A0076A623 /* content_moreArrow.png */,
				53BB39711A6391780076A623 /* content_more.png */,
				53BB396F1A63723C0076A623 /* dog.jpg */,
				53BB396D1A6364D00076A623 /* arrow_white.png */,
				53BB396B1A6361C80076A623 /* head.jpg */,
				53BB39671A6360F60076A623 /* flash.jpg */,
				53BB39651A62A6F60076A623 /* arrow-next.png */,
				5376949A1A6172C5008AB6B8 /* star_mainColor2.png */,
				5376949B1A6172C5008AB6B8 /* star_noColor2.png */,
				537694961A61612D008AB6B8 /* star_mainColor.png */,
				537694971A61612D008AB6B8 /* star_noColor.png */,
				537694941A60FD91008AB6B8 /* arrow_mainColor.png */,
				5306AD081A5D483900313D4A /* navbar_background.png */,
				5306ACF81A5CE38D00313D4A /* yellowArrow.png */,
				532D70A21A5C089600770242 /* TabBar1.png */,
				532D70A31A5C089600770242 /* TabBar1Sel.png */,
				532D70A41A5C089600770242 /* TabBar2.png */,
				532D70A51A5C089600770242 /* TabBar2Sel.png */,
				532D70A61A5C089600770242 /* TabBar3.png */,
				532D70A71A5C089600770242 /* TabBar3Sel.png */,
				532D70A81A5C089600770242 /* TabBar4.png */,
				532D70A91A5C089600770242 /* TabBar4Sel.png */,
			);
			path = images;
			sourceTree = "<group>";
		};
		539935331A6680A90026F2C0 /* KKNavigationController */ = {
			isa = PBXGroup;
			children = (
				539935341A6680A90026F2C0 /* KKNavigationController.h */,
				539935351A6680A90026F2C0 /* KKNavigationController.m */,
			);
			path = KKNavigationController;
			sourceTree = "<group>";
		};
		53DA80321A64E0E700697940 /* ContentMore */ = {
			isa = PBXGroup;
			children = (
				53DA80331A64E10A00697940 /* ContentMoreCell.h */,
				53DA80341A64E10A00697940 /* ContentMoreCell.m */,
				53DA80361A64E11E00697940 /* ContentMoreCellFrame.h */,
				53DA80371A64E11E00697940 /* ContentMoreCellFrame.m */,
			);
			name = ContentMore;
			sourceTree = "<group>";
		};
		53DA80391A64E38000697940 /* MainContent */ = {
			isa = PBXGroup;
			children = (
				5306AD201A5E3C3A00313D4A /* ContentSelectionView.h */,
				5306AD211A5E3C3A00313D4A /* ContentSelectionView.m */,
				53DA80291A63D67A00697940 /* SelectionButton.h */,
				53DA802A1A63D67A00697940 /* SelectionButton.m */,
				53BB39591A62640A0076A623 /* SelectionHeadButton.h */,
				53BB395A1A62640A0076A623 /* SelectionHeadButton.m */,
				5306AD121A5E1AC400313D4A /* ContentSelectionDetails.h */,
				5306AD131A5E1AC400313D4A /* ContentSelectionDetails.m */,
				53BB39561A6234AB0076A623 /* ContentMainview.h */,
				53BB39571A6234AB0076A623 /* ContentMainview.m */,
				53BB39621A629FE50076A623 /* MainviewButton.h */,
				53BB39631A629FE50076A623 /* MainviewButton.m */,
			);
			name = MainContent;
			sourceTree = "<group>";
		};
		53DA803A1A65142B00697940 /* MJRefresh */ = {
			isa = PBXGroup;
			children = (
				53DA803B1A65142B00697940 /* MJRefresh.bundle */,
				53DA803C1A65142B00697940 /* MJRefresh.h */,
				53DA803D1A65142B00697940 /* MJRefreshBaseView.h */,
				53DA803E1A65142B00697940 /* MJRefreshBaseView.m */,
				53DA803F1A65142B00697940 /* MJRefreshConst.h */,
				53DA80401A65142B00697940 /* MJRefreshConst.m */,
				53DA80411A65142B00697940 /* MJRefreshFooterView.h */,
				53DA80421A65142B00697940 /* MJRefreshFooterView.m */,
				53DA80431A65142B00697940 /* MJRefreshHeaderView.h */,
				53DA80441A65142B00697940 /* MJRefreshHeaderView.m */,
				53DA80451A65142B00697940 /* UIScrollView+MJExtension.h */,
				53DA80461A65142B00697940 /* UIScrollView+MJExtension.m */,
				53DA80471A65142B00697940 /* UIScrollView+MJRefresh.h */,
				53DA80481A65142B00697940 /* UIScrollView+MJRefresh.m */,
				53DA80491A65142B00697940 /* UIView+MJExtension.h */,
				53DA804A1A65142B00697940 /* UIView+MJExtension.m */,
			);
			path = MJRefresh;
			sourceTree = "<group>";
		};
		5F5C37A61A5BEF2000358678 = {
			isa = PBXGroup;
			children = (
				5F5C37B11A5BEF2000358678 /* MJMProject */,
				5F5C37CE1A5BEF2000358678 /* MJMProjectTests */,
				5F5C37B01A5BEF2000358678 /* Products */,
			);
			sourceTree = "<group>";
		};
		5F5C37B01A5BEF2000358678 /* Products */ = {
			isa = PBXGroup;
			children = (
				5F5C37AF1A5BEF2000358678 /* MJMProject.app */,
				5F5C37CB1A5BEF2000358678 /* MJMProjectTests.xctest */,
			);
			name = Products;
			sourceTree = "<group>";
		};
		5F5C37B11A5BEF2000358678 /* MJMProject */ = {
			isa = PBXGroup;
			children = (
				5F5C37DB1A5BEF3D00358678 /* MJMPCH.pch */,
				532D70561A5BF34E00770242 /* class */,
				5F5C37C21A5BEF2000358678 /* Images.xcassets */,
				5F5C37C41A5BEF2000358678 /* LaunchScreen.xib */,
				5F5C37B91A5BEF2000358678 /* MJMProject.xcdatamodeld */,
				5F5C37B21A5BEF2000358678 /* Supporting Files */,
			);
			path = MJMProject;
			sourceTree = "<group>";
		};
		5F5C37B21A5BEF2000358678 /* Supporting Files */ = {
			isa = PBXGroup;
			children = (
				5F5C37B31A5BEF2000358678 /* Info.plist */,
				5F5C37B41A5BEF2000358678 /* main.m */,
			);
			name = "Supporting Files";
			sourceTree = "<group>";
		};
		5F5C37CE1A5BEF2000358678 /* MJMProjectTests */ = {
			isa = PBXGroup;
			children = (
				5F5C37D11A5BEF2000358678 /* MJMProjectTests.m */,
				5F5C37CF1A5BEF2000358678 /* Supporting Files */,
			);
			path = MJMProjectTests;
			sourceTree = "<group>";
		};
		5F5C37CF1A5BEF2000358678 /* Supporting Files */ = {
			isa = PBXGroup;
			children = (
				5F5C37D01A5BEF2000358678 /* Info.plist */,
			);
			name = "Supporting Files";
			sourceTree = "<group>";
		};
/* End PBXGroup section */

/* Begin PBXNativeTarget section */
		5F5C37AE1A5BEF2000358678 /* MJMProject */ = {
			isa = PBXNativeTarget;
			buildConfigurationList = 5F5C37D51A5BEF2000358678 /* Build configuration list for PBXNativeTarget "MJMProject" */;
			buildPhases = (
				5F5C37AB1A5BEF2000358678 /* Sources */,
				5F5C37AC1A5BEF2000358678 /* Frameworks */,
				5F5C37AD1A5BEF2000358678 /* Resources */,
			);
			buildRules = (
			);
			dependencies = (
			);
			name = MJMProject;
			productName = MJMProject;
			productReference = 5F5C37AF1A5BEF2000358678 /* MJMProject.app */;
			productType = "com.apple.product-type.application";
		};
		5F5C37CA1A5BEF2000358678 /* MJMProjectTests */ = {
			isa = PBXNativeTarget;
			buildConfigurationList = 5F5C37D81A5BEF2000358678 /* Build configuration list for PBXNativeTarget "MJMProjectTests" */;
			buildPhases = (
				5F5C37C71A5BEF2000358678 /* Sources */,
				5F5C37C81A5BEF2000358678 /* Frameworks */,
				5F5C37C91A5BEF2000358678 /* Resources */,
			);
			buildRules = (
			);
			dependencies = (
				5F5C37CD1A5BEF2000358678 /* PBXTargetDependency */,
			);
			name = MJMProjectTests;
			productName = MJMProjectTests;
			productReference = 5F5C37CB1A5BEF2000358678 /* MJMProjectTests.xctest */;
			productType = "com.apple.product-type.bundle.unit-test";
		};
/* End PBXNativeTarget section */

/* Begin PBXProject section */
		5F5C37A71A5BEF2000358678 /* Project object */ = {
			isa = PBXProject;
			attributes = {
				LastUpgradeCheck = 0600;
				ORGANIZATIONNAME = apple;
				TargetAttributes = {
					5F5C37AE1A5BEF2000358678 = {
						CreatedOnToolsVersion = 6.0.1;
					};
					5F5C37CA1A5BEF2000358678 = {
						CreatedOnToolsVersion = 6.0.1;
						TestTargetID = 5F5C37AE1A5BEF2000358678;
					};
				};
			};
			buildConfigurationList = 5F5C37AA1A5BEF2000358678 /* Build configuration list for PBXProject "MJMProject" */;
			compatibilityVersion = "Xcode 3.2";
			developmentRegion = English;
			hasScannedForEncodings = 0;
			knownRegions = (
				en,
				Base,
			);
			mainGroup = 5F5C37A61A5BEF2000358678;
			productRefGroup = 5F5C37B01A5BEF2000358678 /* Products */;
			projectDirPath = "";
			projectRoot = "";
			targets = (
				5F5C37AE1A5BEF2000358678 /* MJMProject */,
				5F5C37CA1A5BEF2000358678 /* MJMProjectTests */,
			);
		};
/* End PBXProject section */

/* Begin PBXResourcesBuildPhase section */
		5F5C37AD1A5BEF2000358678 /* Resources */ = {
			isa = PBXResourcesBuildPhase;
			buildActionMask = 2147483647;
			files = (
				5F5C37C61A5BEF2000358678 /* LaunchScreen.xib in Resources */,
				53BB396C1A6361C80076A623 /* head.jpg in Resources */,
				53BB39681A6360F60076A623 /* flash.jpg in Resources */,
				532D70B11A5C089600770242 /* TabBar4Sel.png in Resources */,
				5376949D1A6172C5008AB6B8 /* star_noColor2.png in Resources */,
				532D70AD1A5C089600770242 /* TabBar2Sel.png in Resources */,
				5F5C37C31A5BEF2000358678 /* Images.xcassets in Resources */,
				5306AD091A5D483900313D4A /* navbar_background.png in Resources */,
				53BB39741A63932A0076A623 /* content_moreArrow.png in Resources */,
				5376949C1A6172C5008AB6B8 /* star_mainColor2.png in Resources */,
				53BB39661A62A6F60076A623 /* arrow-next.png in Resources */,
				537694981A61612D008AB6B8 /* star_mainColor.png in Resources */,
				537694951A60FD91008AB6B8 /* arrow_mainColor.png in Resources */,
				53DA80541A651AFD00697940 /* flash2.jpg in Resources */,
				533E4EEB1A668F94002D1821 /* clear_bg.png in Resources */,
				537694991A61612D008AB6B8 /* star_noColor.png in Resources */,
				53BB39761A6394780076A623 /* content_selectionview_arrow.png in Resources */,
				5306ACF91A5CE38D00313D4A /* yellowArrow.png in Resources */,
				532D70AE1A5C089600770242 /* TabBar3.png in Resources */,
				53BB396E1A6364D00076A623 /* arrow_white.png in Resources */,
				532D70AF1A5C089600770242 /* TabBar3Sel.png in Resources */,
				532D70B01A5C089600770242 /* TabBar4.png in Resources */,
				53DA804B1A65142B00697940 /* MJRefresh.bundle in Resources */,
				53BB39721A6391780076A623 /* content_more.png in Resources */,
				533E4EED1A66908B002D1821 /* nav_bg.png in Resources */,
				532D70AB1A5C089600770242 /* TabBar1Sel.png in Resources */,
				532D70AA1A5C089600770242 /* TabBar1.png in Resources */,
				53BB39701A63723C0076A623 /* dog.jpg in Resources */,
				532D70AC1A5C089600770242 /* TabBar2.png in Resources */,
			);
			runOnlyForDeploymentPostprocessing = 0;
		};
		5F5C37C91A5BEF2000358678 /* Resources */ = {
			isa = PBXResourcesBuildPhase;
			buildActionMask = 2147483647;
			files = (
			);
			runOnlyForDeploymentPostprocessing = 0;
		};
/* End PBXResourcesBuildPhase section */

/* Begin PBXSourcesBuildPhase section */
		5F5C37AB1A5BEF2000358678 /* Sources */ = {
			isa = PBXSourcesBuildPhase;
			buildActionMask = 2147483647;
			files = (
				532D70A11A5C054900770242 /* MJMTabbarButton.m in Sources */,
				532BBE561A5F781A00106366 /* WPAttributedStyleAction.m in Sources */,
				532D709E1A5C053800770242 /* MJMTabbar.m in Sources */,
				53BB395E1A6285DB0076A623 /* MainData.m in Sources */,
				532BBE5F1A5F782000106366 /* NSString+WPAttributedMarkup.m in Sources */,
				53DA804C1A65142B00697940 /* MJRefreshBaseView.m in Sources */,
				5F5C37B51A5BEF2000358678 /* main.m in Sources */,
				539935361A6680A90026F2C0 /* KKNavigationController.m in Sources */,
				5F5C37BB1A5BEF2000358678 /* MJMProject.xcdatamodeld in Sources */,
				532BBE581A5F781A00106366 /* WPTappableLabel.m in Sources */,
				53DA804F1A65142B00697940 /* MJRefreshHeaderView.m in Sources */,
				532D70821A5BF85200770242 /* MJMSettingController.m in Sources */,
				5306AD1F1A5E324500313D4A /* SelectionDetailsData.m in Sources */,
				532D707F1A5BF84400770242 /* MJMLunTanController.m in Sources */,
				53BB39641A629FE50076A623 /* MainviewButton.m in Sources */,
				532BBE711A60BC8A00106366 /* UIView+MJM.m in Sources */,
				53BB395B1A62640A0076A623 /* SelectionHeadButton.m in Sources */,
				53DA802E1A64174000697940 /* MJMContentMoreController.m in Sources */,
				537694931A60CABA008AB6B8 /* UILabel+MJM.m in Sources */,
				537694901A60C428008AB6B8 /* UIButton+MJM.m in Sources */,
				532D70B41A5C0BDB00770242 /* UIImage+MJM.m in Sources */,
				5306AD221A5E3C3A00313D4A /* ContentSelectionView.m in Sources */,
				532D70761A5BF67100770242 /* MJMBaseController.m in Sources */,
				53DA805A1A65342E00697940 /* DramaDetailsData.m in Sources */,
				53DA804D1A65142B00697940 /* MJRefreshConst.m in Sources */,
				532D708B1A5BFBF700770242 /* MJMTabbarController.m in Sources */,
				5306AD161A5E1AC400313D4A /* ContentSelectionDetails.m in Sources */,
				53DA80501A65142B00697940 /* UIScrollView+MJExtension.m in Sources */,
				53DA80521A65142B00697940 /* UIView+MJExtension.m in Sources */,
				532BBE571A5F781A00106366 /* WPHotspotLabel.m in Sources */,
				532D706F1A5BF34F00770242 /* AppDelegate.m in Sources */,
				53DA802B1A63D67A00697940 /* SelectionButton.m in Sources */,
				53DA804E1A65142B00697940 /* MJRefreshFooterView.m in Sources */,
				53BB39581A6234AB0076A623 /* ContentMainview.m in Sources */,
				532BBE5E1A5F782000106366 /* NSMutableString+TagReplace.m in Sources */,
				532D70731A5BF52D00770242 /* WWSideslipViewController.m in Sources */,
				532D707C1A5BF83400770242 /* MJMContentController.m in Sources */,
				53DA80381A64E11E00697940 /* ContentMoreCellFrame.m in Sources */,
				53DA805D1A65356D00697940 /* DramaSingleVC.m in Sources */,
				53DA80511A65142B00697940 /* UIScrollView+MJRefresh.m in Sources */,
				53DA80351A64E10A00697940 /* ContentMoreCell.m in Sources */,
				532D70791A5BF82600770242 /* MJMContactController.m in Sources */,
			);
			runOnlyForDeploymentPostprocessing = 0;
		};
		5F5C37C71A5BEF2000358678 /* Sources */ = {
			isa = PBXSourcesBuildPhase;
			buildActionMask = 2147483647;
			files = (
				5F5C37D21A5BEF2000358678 /* MJMProjectTests.m in Sources */,
			);
			runOnlyForDeploymentPostprocessing = 0;
		};
/* End PBXSourcesBuildPhase section */

/* Begin PBXTargetDependency section */
		5F5C37CD1A5BEF2000358678 /* PBXTargetDependency */ = {
			isa = PBXTargetDependency;
			target = 5F5C37AE1A5BEF2000358678 /* MJMProject */;
			targetProxy = 5F5C37CC1A5BEF2000358678 /* PBXContainerItemProxy */;
		};
/* End PBXTargetDependency section */

/* Begin PBXVariantGroup section */
		5F5C37C41A5BEF2000358678 /* LaunchScreen.xib */ = {
			isa = PBXVariantGroup;
			children = (
				5F5C37C51A5BEF2000358678 /* Base */,
			);
			name = LaunchScreen.xib;
			sourceTree = "<group>";
		};
/* End PBXVariantGroup section */

/* Begin XCBuildConfiguration section */
		5F5C37D31A5BEF2000358678 /* Debug */ = {
			isa = XCBuildConfiguration;
			buildSettings = {
				ALWAYS_SEARCH_USER_PATHS = NO;
				CLANG_CXX_LANGUAGE_STANDARD = "gnu++0x";
				CLANG_CXX_LIBRARY = "libc++";
				CLANG_ENABLE_MODULES = YES;
				CLANG_ENABLE_OBJC_ARC = YES;
				CLANG_WARN_BOOL_CONVERSION = YES;
				CLANG_WARN_CONSTANT_CONVERSION = YES;
				CLANG_WARN_DIRECT_OBJC_ISA_USAGE = YES_ERROR;
				CLANG_WARN_EMPTY_BODY = YES;
				CLANG_WARN_ENUM_CONVERSION = YES;
				CLANG_WARN_INT_CONVERSION = YES;
				CLANG_WARN_OBJC_ROOT_CLASS = YES_ERROR;
				CLANG_WARN_UNREACHABLE_CODE = YES;
				CLANG_WARN__DUPLICATE_METHOD_MATCH = YES;
				"CODE_SIGN_IDENTITY[sdk=iphoneos*]" = "iPhone Developer";
				COPY_PHASE_STRIP = NO;
				ENABLE_STRICT_OBJC_MSGSEND = YES;
				GCC_C_LANGUAGE_STANDARD = gnu99;
				GCC_DYNAMIC_NO_PIC = NO;
				GCC_OPTIMIZATION_LEVEL = 0;
				GCC_PREPROCESSOR_DEFINITIONS = (
					"DEBUG=1",
					"$(inherited)",
				);
				GCC_SYMBOLS_PRIVATE_EXTERN = NO;
				GCC_WARN_64_TO_32_BIT_CONVERSION = YES;
				GCC_WARN_ABOUT_RETURN_TYPE = YES_ERROR;
				GCC_WARN_UNDECLARED_SELECTOR = YES;
				GCC_WARN_UNINITIALIZED_AUTOS = YES_AGGRESSIVE;
				GCC_WARN_UNUSED_FUNCTION = YES;
				GCC_WARN_UNUSED_VARIABLE = YES;
				IPHONEOS_DEPLOYMENT_TARGET = 8.0;
				MTL_ENABLE_DEBUG_INFO = YES;
				ONLY_ACTIVE_ARCH = YES;
				SDKROOT = iphoneos;
			};
			name = Debug;
		};
		5F5C37D41A5BEF2000358678 /* Release */ = {
			isa = XCBuildConfiguration;
			buildSettings = {
				ALWAYS_SEARCH_USER_PATHS = NO;
				CLANG_CXX_LANGUAGE_STANDARD = "gnu++0x";
				CLANG_CXX_LIBRARY = "libc++";
				CLANG_ENABLE_MODULES = YES;
				CLANG_ENABLE_OBJC_ARC = YES;
				CLANG_WARN_BOOL_CONVERSION = YES;
				CLANG_WARN_CONSTANT_CONVERSION = YES;
				CLANG_WARN_DIRECT_OBJC_ISA_USAGE = YES_ERROR;
				CLANG_WARN_EMPTY_BODY = YES;
				CLANG_WARN_ENUM_CONVERSION = YES;
				CLANG_WARN_INT_CONVERSION = YES;
				CLANG_WARN_OBJC_ROOT_CLASS = YES_ERROR;
				CLANG_WARN_UNREACHABLE_CODE = YES;
				CLANG_WARN__DUPLICATE_METHOD_MATCH = YES;
				"CODE_SIGN_IDENTITY[sdk=iphoneos*]" = "iPhone Developer";
				COPY_PHASE_STRIP = YES;
				ENABLE_NS_ASSERTIONS = NO;
				ENABLE_STRICT_OBJC_MSGSEND = YES;
				GCC_C_LANGUAGE_STANDARD = gnu99;
				GCC_WARN_64_TO_32_BIT_CONVERSION = YES;
				GCC_WARN_ABOUT_RETURN_TYPE = YES_ERROR;
				GCC_WARN_UNDECLARED_SELECTOR = YES;
				GCC_WARN_UNINITIALIZED_AUTOS = YES_AGGRESSIVE;
				GCC_WARN_UNUSED_FUNCTION = YES;
				GCC_WARN_UNUSED_VARIABLE = YES;
				IPHONEOS_DEPLOYMENT_TARGET = 8.0;
				MTL_ENABLE_DEBUG_INFO = NO;
				SDKROOT = iphoneos;
				VALIDATE_PRODUCT = YES;
			};
			name = Release;
		};
		5F5C37D61A5BEF2000358678 /* Debug */ = {
			isa = XCBuildConfiguration;
			buildSettings = {
				ASSETCATALOG_COMPILER_APPICON_NAME = AppIcon;
				GCC_INCREASE_PRECOMPILED_HEADER_SHARING = YES;
				GCC_PRECOMPILE_PREFIX_HEADER = YES;
				GCC_PREFIX_HEADER = MJMProject/MJMPCH.pch;
				INFOPLIST_FILE = MJMProject/Info.plist;
				IPHONEOS_DEPLOYMENT_TARGET = 8.0;
				LD_RUNPATH_SEARCH_PATHS = "$(inherited) @executable_path/Frameworks";
				PRODUCT_NAME = "$(TARGET_NAME)";
			};
			name = Debug;
		};
		5F5C37D71A5BEF2000358678 /* Release */ = {
			isa = XCBuildConfiguration;
			buildSettings = {
				ASSETCATALOG_COMPILER_APPICON_NAME = AppIcon;
				GCC_INCREASE_PRECOMPILED_HEADER_SHARING = YES;
				GCC_PRECOMPILE_PREFIX_HEADER = YES;
				GCC_PREFIX_HEADER = MJMProject/MJMPCH.pch;
				INFOPLIST_FILE = MJMProject/Info.plist;
				IPHONEOS_DEPLOYMENT_TARGET = 8.0;
				LD_RUNPATH_SEARCH_PATHS = "$(inherited) @executable_path/Frameworks";
				PRODUCT_NAME = "$(TARGET_NAME)";
			};
			name = Release;
		};
		5F5C37D91A5BEF2000358678 /* Debug */ = {
			isa = XCBuildConfiguration;
			buildSettings = {
				BUNDLE_LOADER = "$(TEST_HOST)";
				FRAMEWORK_SEARCH_PATHS = (
					"$(SDKROOT)/Developer/Library/Frameworks",
					"$(inherited)",
				);
				GCC_PREPROCESSOR_DEFINITIONS = (
					"DEBUG=1",
					"$(inherited)",
				);
				INFOPLIST_FILE = MJMProjectTests/Info.plist;
				LD_RUNPATH_SEARCH_PATHS = "$(inherited) @executable_path/Frameworks @loader_path/Frameworks";
				PRODUCT_NAME = "$(TARGET_NAME)";
				TEST_HOST = "$(BUILT_PRODUCTS_DIR)/MJMProject.app/MJMProject";
			};
			name = Debug;
		};
		5F5C37DA1A5BEF2000358678 /* Release */ = {
			isa = XCBuildConfiguration;
			buildSettings = {
				BUNDLE_LOADER = "$(TEST_HOST)";
				FRAMEWORK_SEARCH_PATHS = (
					"$(SDKROOT)/Developer/Library/Frameworks",
					"$(inherited)",
				);
				INFOPLIST_FILE = MJMProjectTests/Info.plist;
				LD_RUNPATH_SEARCH_PATHS = "$(inherited) @executable_path/Frameworks @loader_path/Frameworks";
				PRODUCT_NAME = "$(TARGET_NAME)";
				TEST_HOST = "$(BUILT_PRODUCTS_DIR)/MJMProject.app/MJMProject";
			};
			name = Release;
		};
/* End XCBuildConfiguration section */

/* Begin XCConfigurationList section */
		5F5C37AA1A5BEF2000358678 /* Build configuration list for PBXProject "MJMProject" */ = {
			isa = XCConfigurationList;
			buildConfigurations = (
				5F5C37D31A5BEF2000358678 /* Debug */,
				5F5C37D41A5BEF2000358678 /* Release */,
			);
			defaultConfigurationIsVisible = 0;
			defaultConfigurationName = Release;
		};
		5F5C37D51A5BEF2000358678 /* Build configuration list for PBXNativeTarget "MJMProject" */ = {
			isa = XCConfigurationList;
			buildConfigurations = (
				5F5C37D61A5BEF2000358678 /* Debug */,
				5F5C37D71A5BEF2000358678 /* Release */,
			);
			defaultConfigurationIsVisible = 0;
			defaultConfigurationName = Release;
		};
		5F5C37D81A5BEF2000358678 /* Build configuration list for PBXNativeTarget "MJMProjectTests" */ = {
			isa = XCConfigurationList;
			buildConfigurations = (
				5F5C37D91A5BEF2000358678 /* Debug */,
				5F5C37DA1A5BEF2000358678 /* Release */,
			);
			defaultConfigurationIsVisible = 0;
			defaultConfigurationName = Release;
		};
/* End XCConfigurationList section */

/* Begin XCVersionGroup section */
		5F5C37B91A5BEF2000358678 /* MJMProject.xcdatamodeld */ = {
			isa = XCVersionGroup;
			children = (
				5F5C37BA1A5BEF2000358678 /* MJMProject.xcdatamodel */,
			);
			currentVersion = 5F5C37BA1A5BEF2000358678 /* MJMProject.xcdatamodel */;
			path = MJMProject.xcdatamodeld;
			sourceTree = "<group>";
			versionGroupType = wrapper.xcdatamodel;
		};
/* End XCVersionGroup section */
	};
	rootObject = 5F5C37A71A5BEF2000358678 /* Project object */;
}
